schema: '2.0'
stages:
  data_ingestion:
    cmd: python src/data_ingestion.py
    deps:
    - path: src/data_ingestion.py
      hash: md5
      md5: de076cacf6509622b1fcc3e77c09a07f
      size: 2875
    outs:
    - path: data/raw
      hash: md5
      md5: 1a287d34dc172d9f950c03dae35f7e73.dir
      size: 484846
      nfiles: 2
  data_preprocessing:
    cmd: python src/data_preprocessing.py
    deps:
    - path: data/raw
      hash: md5
      md5: 1a287d34dc172d9f950c03dae35f7e73.dir
      size: 484846
      nfiles: 2
    - path: src/data_preprocessing.py
      hash: md5
      md5: 3b29fa20119d77c5868244e83ec63cd3
      size: 4596
    outs:
    - path: data/interim
      hash: md5
      md5: 7b78e26d843f6d2ebcaa48d827a762e1.dir
      size: 281156
      nfiles: 2
  feature_engineering:
    cmd: python src/feature_engineering.py
    deps:
    - path: data/interim
      hash: md5
      md5: 7b78e26d843f6d2ebcaa48d827a762e1.dir
      size: 281156
      nfiles: 2
    - path: src/feature_engineering.py
      hash: md5
      md5: 605725d885bf1def1a653120eed165e6
      size: 3920
    params:
      params.yaml:
        feature_engineering.max_features: 35
    outs:
    - path: data/processed
      hash: md5
      md5: f333fff4f1bbbb3505aecbda360e123e.dir
      size: 838465
      nfiles: 2
  model_building:
    cmd: python src/model_training.py
    deps:
    - path: data/processed
      hash: md5
      md5: f333fff4f1bbbb3505aecbda360e123e.dir
      size: 838465
      nfiles: 2
    - path: src/model_training.py
      hash: md5
      md5: 579416876da802bc465a1a223c2f7da6
      size: 4302
    params:
      params.yaml:
        model_building.n_estimators: 22
        model_building.random_state: 2
    outs:
    - path: models/model.pkl
      hash: md5
      md5: 8788f56b4f0ab8ebfd0d805475d6c793
      size: 733276
  model_evaluation:
    cmd: python src/model_evaluation.py
    deps:
    - path: models/model.pkl
      hash: md5
      md5: 8788f56b4f0ab8ebfd0d805475d6c793
      size: 733276
    - path: src/model_evaluation.py
      hash: md5
      md5: 885ba81d3a7ae56edad0a7e0928775e4
      size: 5206
    outs:
    - path: reports/metrics.json
      hash: md5
      md5: 1ac5893104f6239c524da8ae2d8b25b8
      size: 145
